# THIS IS AN AUTOGENERATED FILE. DO NOT EDIT THIS FILE DIRECTLY.
# yarn lockfile v1


"@hono/node-server@^1.19.6":
  version "1.19.9"
  resolved "https://registry.yarnpkg.com/@hono/node-server/-/node-server-1.19.9.tgz#8f37119b1acf283fd3f6035f3d1356fdb97a09ac"
  integrity sha512-vHL6w3ecZsky+8P5MD+eFfaGTyCeOHUIFYMGpQGbrBTSmNNoxv0if69rEZ5giu36weC5saFuznL411gRX7bJDw==

"@meting/core@^1.6.0":
  version "1.6.1"
  resolved "https://registry.yarnpkg.com/@meting/core/-/core-1.6.1.tgz#90a24d21e589ee956dc4b89ed17398a9ca95ffe8"
  integrity sha512-6LPRZlZc8hUc0Jmg74tbMBLeoyXoyttPBLoNNpybLZ6GY+de95h9w3YQGh0yDwnrSivqcHMGZ5u5VJym5PdY1w==

"@oxlint/binding-android-arm-eabi@1.51.0":
  version "1.51.0"
  resolved "https://registry.yarnpkg.com/@oxlint/binding-android-arm-eabi/-/binding-android-arm-eabi-1.51.0.tgz#cb05e9c48c3a9cf5efd19ff6d75d3aaab5ced0b3"
  integrity sha512-jJYIqbx4sX+suIxWstc4P7SzhEwb4ArWA2KVrmEuu9vH2i0qM6QIHz/ehmbGE4/2fZbpuMuBzTl7UkfNoqiSgw==

"@oxlint/binding-android-arm64@1.51.0":
  version "1.51.0"
  resolved "https://registry.yarnpkg.com/@oxlint/binding-android-arm64/-/binding-android-arm64-1.51.0.tgz#c838ab21c6793413bf15ea17f52e557f330c28b3"
  integrity sha512-GtXyBCcH4ti98YdiMNCrpBNGitx87EjEWxevnyhcBK12k/Vu4EzSB45rzSC4fGFUD6sQgeaxItRCEEWeVwPafw==

"@oxlint/binding-darwin-arm64@1.51.0":
  version "1.51.0"
  resolved "https://registry.yarnpkg.com/@oxlint/binding-darwin-arm64/-/binding-darwin-arm64-1.51.0.tgz#424abdb327a7221774b951946e5004f8951f6f78"
  integrity sha512-3QJbeYaMHn6Bh2XeBXuITSsbnIctyTjvHf5nRjKYrT9pPeErNIpp5VDEeAXC0CZSwSVTsc8WOSDwgrAI24JolQ==

"@oxlint/binding-darwin-x64@1.51.0":
  version "1.51.0"
  resolved "https://registry.yarnpkg.com/@oxlint/binding-darwin-x64/-/binding-darwin-x64-1.51.0.tgz#2f8ec03b82fc29298e678a9f7f8e1b42aea0f528"
  integrity sha512-NzErhMaTEN1cY0E8C5APy74lw5VwsNfJfVPBMWPVQLqAbO0k4FFLjvHURvkUL+Y18Wu+8Vs1kbqPh2hjXYA4pg==

"@oxlint/binding-freebsd-x64@1.51.0":
  version "1.51.0"
  resolved "https://registry.yarnpkg.com/@oxlint/binding-freebsd-x64/-/binding-freebsd-x64-1.51.0.tgz#4608adb6ed2c746c45341b4191943618c7a652a0"
  integrity sha512-msAIh3vPAoKoHlOE/oe6Q5C/n9umypv/k81lED82ibrJotn+3YG2Qp1kiR8o/Dg5iOEU97c6tl0utxcyFenpFw==

"@oxlint/binding-linux-arm-gnueabihf@1.51.0":
  version "1.51.0"
  resolved "https://registry.yarnpkg.com/@oxlint/binding-linux-arm-gnueabihf/-/binding-linux-arm-gnueabihf-1.51.0.tgz#a9adba494c51041a512d2ee2c0af6c41ea380fa9"
  integrity sha512-CqQPcvqYyMe9ZBot2stjGogEzk1z8gGAngIX7srSzrzexmXixwVxBdFZyxTVM0CjGfDeV+Ru0w25/WNjlMM2Hw==

"@oxlint/binding-linux-arm-musleabihf@1.51.0":
  version "1.51.0"
  resolved "https://registry.yarnpkg.com/@oxlint/binding-linux-arm-musleabihf/-/binding-linux-arm-musleabihf-1.51.0.tgz#4aea33b99e1b5f532a7ba026220d34def64c373e"
  integrity sha512-dstrlYQgZMnyOssxSbolGCge/sDbko12N/35RBNuqLpoPbft2aeBidBAb0dvQlyBd9RJ6u8D4o4Eh8Un6iTgyQ==

"@oxlint/binding-linux-arm64-gnu@1.51.0":
  version "1.51.0"
  resolved "https://registry.yarnpkg.com/@oxlint/binding-linux-arm64-gnu/-/binding-linux-arm64-gnu-1.51.0.tgz#53cbfe3265834e2bbd67486e542f7963f5b58800"
  integrity sha512-QEjUpXO7d35rP1/raLGGbAsBLLGZIzV3ZbeSjqWlD3oRnxpRIZ6iL4o51XQHkconn3uKssc+1VKdtHJ81BBhDA==

"@oxlint/binding-linux-arm64-musl@1.51.0":
  version "1.51.0"
  resolved "https://registry.yarnpkg.com/@oxlint/binding-linux-arm64-musl/-/binding-linux-arm64-musl-1.51.0.tgz#e4e6bf687151ad13d6b08ece3d613989831a0238"
  integrity sha512-YSJua5irtG4DoMAjUapDTPhkQLHhBIY0G9JqlZS6/SZPzqDkPku/1GdWs0D6h/wyx0Iz31lNCfIaWKBQhzP0wQ==

"@oxlint/binding-linux-ppc64-gnu@1.51.0":
  version "1.51.0"
  resolved "https://registry.yarnpkg.com/@oxlint/binding-linux-ppc64-gnu/-/binding-linux-ppc64-gnu-1.51.0.tgz#dd811aff518c40fbcc99ccd1e2990aab47180900"
  integrity sha512-7L4Wj2IEUNDETKssB9IDYt16T6WlF+X2jgC/hBq3diGHda9vJLpAgb09+D3quFq7TdkFtI7hwz/jmuQmQFPc1Q==

"@oxlint/binding-linux-riscv64-gnu@1.51.0":
  version "1.51.0"
  resolved "https://registry.yarnpkg.com/@oxlint/binding-linux-riscv64-gnu/-/binding-linux-riscv64-gnu-1.51.0.tgz#137979fd04bdb4abf12585df3638d1b9a9634997"
  integrity sha512-cBUHqtOXy76G41lOB401qpFoKx1xq17qYkhWrLSM7eEjiHM9sOtYqpr6ZdqCnN9s6ZpzudX4EkeHOFH2E9q0vA==

"@oxlint/binding-linux-riscv64-musl@1.51.0":
  version "1.51.0"
  resolved "https://registry.yarnpkg.com/@oxlint/binding-linux-riscv64-musl/-/binding-linux-riscv64-musl-1.51.0.tgz#2c03085263b27f692630d1db150c12c9d013e21c"
  integrity sha512-WKbg8CysgZcHfZX0ixQFBRSBvFZUHa3SBnEjHY2FVYt2nbNJEjzTxA3ZR5wMU0NOCNKIAFUFvAh5/XJKPRJuJg==

"@oxlint/binding-linux-s390x-gnu@1.51.0":
  version "1.51.0"
  resolved "https://registry.yarnpkg.com/@oxlint/binding-linux-s390x-gnu/-/binding-linux-s390x-gnu-1.51.0.tgz#3bf27fce02604b6247862c8d3cbc48b00b8dc0c8"
  integrity sha512-N1QRUvJTxqXNSu35YOufdjsAVmKVx5bkrggOWAhTWBc3J4qjcBwr1IfyLh/6YCg8sYRSR1GraldS9jUgJL/U4A==

"@oxlint/binding-linux-x64-gnu@1.51.0":
  version "1.51.0"
  resolved "https://registry.yarnpkg.com/@oxlint/binding-linux-x64-gnu/-/binding-linux-x64-gnu-1.51.0.tgz#73d529be526804d9e08d4a97d1be0faf417748fb"
  integrity sha512-e0Mz0DizsCoqNIjeOg6OUKe8JKJWZ5zZlwsd05Bmr51Jo3AOL4UJnPvwKumr4BBtBrDZkCmOLhCvDGm95nJM2g==

"@oxlint/binding-linux-x64-musl@1.51.0":
  version "1.51.0"
  resolved "https://registry.yarnpkg.com/@oxlint/binding-linux-x64-musl/-/binding-linux-x64-musl-1.51.0.tgz#e66447eee825f45ec384014dd052e7498f93abb3"
  integrity sha512-wD8HGTWhYBKXvRDvoBVB1y+fEYV01samhWQSy1Zkxq2vpezvMnjaFKRuiP6tBNITLGuffbNDEXOwcAhJ3gI5Ug==

"@oxlint/binding-openharmony-arm64@1.51.0":
  version "1.51.0"
  resolved "https://registry.yarnpkg.com/@oxlint/binding-openharmony-arm64/-/binding-openharmony-arm64-1.51.0.tgz#5a6c5a799f81767a60bec39be09fd4df69c89807"
  integrity sha512-5NSwQ2hDEJ0GPXqikjWtwzgAQCsS7P9aLMNenjjKa+gknN3lTCwwwERsT6lKXSirfU3jLjexA2XQvQALh5h27w==

"@oxlint/binding-win32-arm64-msvc@1.51.0":
  version "1.51.0"
  resolved "https://registry.yarnpkg.com/@oxlint/binding-win32-arm64-msvc/-/binding-win32-arm64-msvc-1.51.0.tgz#d32ea0c590b8caea086ae4a21011736d9be55aa9"
  integrity sha512-JEZyah1M0RHMw8d+jjSSJmSmO8sABA1J1RtrHYujGPeCkYg1NeH0TGuClpe2h5QtioRTaF57y/TZfn/2IFV6fA==

"@oxlint/binding-win32-ia32-msvc@1.51.0":
  version "1.51.0"
  resolved "https://registry.yarnpkg.com/@oxlint/binding-win32-ia32-msvc/-/binding-win32-ia32-msvc-1.51.0.tgz#d5b63bbc6144b2919f27dbe1972c1bfd56056873"
  integrity sha512-q3cEoKH6kwjz/WRyHwSf0nlD2F5Qw536kCXvmlSu+kaShzgrA0ojmh45CA81qL+7udfCaZL2SdKCZlLiGBVFlg==

"@oxlint/binding-win32-x64-msvc@1.51.0":
  version "1.51.0"
  resolved "https://registry.yarnpkg.com/@oxlint/binding-win32-x64-msvc/-/binding-win32-x64-msvc-1.51.0.tgz#be1d61085d5ad8faaada9b30ae841e834a840de5"
  integrity sha512-Q14+fOGb9T28nWF/0EUsYqERiRA7cl1oy4TJrGmLaqhm+aO2cV+JttboHI3CbdeMCAyDI1+NoSlrM7Melhp/cw==

"@pinojs/redact@^0.4.0":
  version "0.4.0"
  resolved "https://registry.yarnpkg.com/@pinojs/redact/-/redact-0.4.0.tgz#c3de060dd12640dcc838516aa2a6803cc7b2e9d6"
  integrity sha512-k2ENnmBugE/rzQfEcdWHcCY+/FM3VLzH9cYEsbdsoqrvzAKRhUZeRNhAZvB8OitQJ1TBed3yqWtdjzS6wJKBwg==

anymatch@~3.1.2:
  version "3.1.3"
  resolved "https://registry.yarnpkg.com/anymatch/-/anymatch-3.1.3.tgz#790c58b19ba1720a84205b57c618d5ad8524973e"
  integrity sha512-KMReFUr0B4t+D+OBkjR3KYqvocp2XaSzO55UcB6mgQMd3KbcE+mWTyvVV7D/zsdEbNnV6acZUutkiHQXvTr1Rw==
  dependencies:
    normalize-path "^3.0.0"
    picomatch "^2.0.4"

atomic-sleep@^1.0.0:
  version "1.0.0"
  resolved "https://registry.yarnpkg.com/atomic-sleep/-/atomic-sleep-1.0.0.tgz#eb85b77a601fc932cfe432c5acd364a9e2c9075b"
  integrity sha512-kNOjDqAh7px0XWNI+4QbzoiR/nTkHAWNud2uvnJquD1/x5a7EQZMJT0AczqK0Qn67oY/TTQ1LbUKajZpp3I9tQ==

balanced-match@^4.0.2:
  version "4.0.4"
  resolved "https://registry.yarnpkg.com/balanced-match/-/balanced-match-4.0.4.tgz#bfb10662feed8196a2c62e7c68e17720c274179a"
  integrity sha512-BLrgEcRTwX2o6gGxGOCNyMvGSp35YofuYzw9h1IMTRmKqttAZZVU67bdb9Pr2vUHA8+j3i2tJfjO6C6+4myGTA==

binary-extensions@^2.0.0:
  version "2.3.0"
  resolved "https://registry.yarnpkg.com/binary-extensions/-/binary-extensions-2.3.0.tgz#f6e14a97858d327252200242d4ccfe522c445522"
  integrity sha512-Ceh+7ox5qe7LJuLHoY0feh3pHuUDHAcRUeyL2VYghZwfpkNIy/+8Ocg0a3UuSoYzavmylwuLWQOf3hl0jjMMIw==

brace-expansion@^5.0.2:
  version "5.0.3"
  resolved "https://registry.yarnpkg.com/brace-expansion/-/brace-expansion-5.0.3.tgz#6a9c6c268f85b53959ec527aeafe0f7300258eef"
  integrity sha512-fy6KJm2RawA5RcHkLa1z/ScpBeA762UF9KmZQxwIbDtRJrgLzM10depAiEQ+CXYcoiqW1/m96OAAoke2nE9EeA==
  dependencies:
    balanced-match "^4.0.2"

braces@~3.0.2:
  version "3.0.3"
  resolved "https://registry.yarnpkg.com/braces/-/braces-3.0.3.tgz#490332f40919452272d55a8480adc0c441358789"
  integrity sha512-yQbXgO/OSZVD2IsiLlro+7Hf6Q18EJrKSEsdoMzKePKXct3gvD8oLcOQdIzGupr5Fj+EDe8gO/lxc1BzfMpxvA==
  dependencies:
    fill-range "^7.1.1"

chokidar@^3.5.2:
  version "3.6.0"
  resolved "https://registry.yarnpkg.com/chokidar/-/chokidar-3.6.0.tgz#197c6cc669ef2a8dc5e7b4d97ee4e092c3eb0d5b"
  integrity sha512-7VT13fmjotKpGipCW9JEQAusEPE+Ei8nl6/g4FBAmIm0GOOLMua9NDDo/DWp0ZAxCr3cPq5ZpBqmPAQgDda2Pw==
  dependencies:
    anymatch "~3.1.2"
    braces "~3.0.2"
    glob-parent "~5.1.2"
    is-binary-path "~2.1.0"
    is-glob "~4.0.1"
    normalize-path "~3.0.0"
    readdirp "~3.6.0"
  optionalDependencies:
    fsevents "~2.3.2"

colorette@^2.0.7:
  version "2.0.20"
  resolved "https://registry.yarnpkg.com/colorette/-/colorette-2.0.20.tgz#9eb793e6833067f7235902fcd3b09917a000a95a"
  integrity sha512-IfEDxwoWIjkeXL1eXcDiow4UbKjhLdq6/EuSVR9GMN7KVH3r9gQ83e73hsz1Nd1T3ijd5xv1wcWRYO+D6kCI2w==

dateformat@^4.6.3:
  version "4.6.3"
  resolved "https://registry.yarnpkg.com/dateformat/-/dateformat-4.6.3.tgz#556fa6497e5217fedb78821424f8a1c22fa3f4b5"
  integrity sha512-2P0p0pFGzHS5EMnhdxQi7aJN+iMheud0UhG4dlE1DLAlvL8JHjJJTX/CSm4JXwV0Ka5nGk3zC5mcb5bUQUxxMA==

debug@^4:
  version "4.4.3"
  resolved "https://registry.yarnpkg.com/debug/-/debug-4.4.3.tgz#c6ae432d9bd9662582fce08709b038c58e9e3d6a"
  integrity sha512-RGwwWnwQvkVfavKVt22FGLw+xYSdzARwm0ru6DhTVA3umU5hZc28V3kO4stgYryrTlLpuvgI9GiijltAjNbcqA==
  dependencies:
    ms "^2.1.3"

dotenv@^17.2.3:
  version "17.3.1"
  resolved "https://registry.yarnpkg.com/dotenv/-/dotenv-17.3.1.tgz#2706f5b0165e45a1503348187b8468f87fe6aae2"
  integrity sha512-IO8C/dzEb6O3F9/twg6ZLXz164a2fhTnEWb95H23Dm4OuN+92NmEAlTrupP9VW6Jm3sO26tQlqyvyi4CsnY9GA==

end-of-stream@^1.1.0:
  version "1.4.5"
  resolved "https://registry.yarnpkg.com/end-of-stream/-/end-of-stream-1.4.5.tgz#7344d711dea40e0b74abc2ed49778743ccedb08c"
  integrity sha512-ooEGc6HP26xXq/N+GCGOT0JKCLDGrq2bQUZrQ7gyrJiZANJ/8YDTxTpQBXGMn+WbIQXNVpyWymm7KYVICQnyOg==
  dependencies:
    once "^1.4.0"

fast-copy@^4.0.0:
  version "4.0.2"
  resolved "https://registry.yarnpkg.com/fast-copy/-/fast-copy-4.0.2.tgz#57f14115e1edbec274f69090072a480aa29cbedd"
  integrity sha512-ybA6PDXIXOXivLJK/z9e+Otk7ve13I4ckBvGO5I2RRmBU1gMHLVDJYEuJYhGwez7YNlYji2M2DvVU+a9mSFDlw==

fast-safe-stringify@^2.1.1:
  version "2.1.1"
  resolved "https://registry.yarnpkg.com/fast-safe-stringify/-/fast-safe-stringify-2.1.1.tgz#c406a83b6e70d9e35ce3b30a81141df30aeba884"
  integrity sha512-W+KJc2dmILlPplD/H4K9l9LcAHAfPtP6BY84uVLXQ6Evcz9Lcg33Y2z1IVblT6xdY54PXYVHEv+0Wpq8Io6zkA==

fill-range@^7.1.1:
  version "7.1.1"
  resolved "https://registry.yarnpkg.com/fill-range/-/fill-range-7.1.1.tgz#44265d3cac07e3ea7dc247516380643754a05292"
  integrity sha512-YsGpe3WHLK8ZYi4tWDg2Jy3ebRz2rXowDxnld4bkQB00cc/1Zw9AWnC0i9ztDJitivtQvaI9KaLyKrc+hBW0yg==
  dependencies:
    to-regex-range "^5.0.1"

fsevents@~2.3.2:
  version "2.3.3"
  resolved "https://registry.yarnpkg.com/fsevents/-/fsevents-2.3.3.tgz#cac6407785d03675a2a5e1a5305c697b347d90d6"
  integrity sha512-5xoDfX+fL7faATnagmWPpbFtwh/R77WmMMqqHGS65C3vvB0YHrgF+B1YmZ3441tMj5n63k0212XNoJwzlhffQw==

glob-parent@~5.1.2:
  version "5.1.2"
  resolved "https://registry.yarnpkg.com/glob-parent/-/glob-parent-5.1.2.tgz#869832c58034fe68a4093c17dc15e8340d8401c4"
  integrity sha512-AOIgSQCepiJYwP3ARnGx+5VnTu2HBYdzbGP45eLw1vr3zB3vZLeyed1sC9hnbcOc9/SrMyM5RPQrkGz4aS9Zow==
  dependencies:
    is-glob "^4.0.1"

has-flag@^3.0.0:
  version "3.0.0"
  resolved "https://registry.yarnpkg.com/has-flag/-/has-flag-3.0.0.tgz#b5d454dc2199ae225699f3467e5a07f3b955bafd"
  integrity sha512-sKJf1+ceQBr4SMkvQnBDNDtf4TXpVhVGateu0t918bl30FnbE2m4vNLX+VWe/dpjlb+HugGYzW7uQXH98HPEYw==

hash.js@^1.1.7:
  version "1.1.7"
  resolved "https://registry.yarnpkg.com/hash.js/-/hash.js-1.1.7.tgz#0babca538e8d4ee4a0f8988d68866537a003cf42"
  integrity sha512-taOaskGt4z4SOANNseOviYDvjEJinIkRgmp7LbKP2YTTmVxWBl87s/uzK9r+44BclBSp2X7K1hqeNfz9JbBeXA==
  dependencies:
    inherits "^2.0.3"
    minimalistic-assert "^1.0.1"

help-me@^5.0.0:
  version "5.0.0"
  resolved "https://registry.yarnpkg.com/help-me/-/help-me-5.0.0.tgz#b1ebe63b967b74060027c2ac61f9be12d354a6f6"
  integrity sha512-7xgomUX6ADmcYzFik0HzAxh/73YlKR9bmFzf51CZwR+b6YtzU2m0u49hQCqV6SvlqIqsaxovfwdvbnsw3b/zpg==

hono@^4.12.4:
  version "4.12.4"
  resolved "https://registry.yarnpkg.com/hono/-/hono-4.12.4.tgz#fcfb5a064b90d5203dd41231e0d5a67262fc1729"
  integrity sha512-ooiZW1Xy8rQ4oELQ++otI2T9DsKpV0M6c6cO6JGx4RTfav9poFFLlet9UMXHZnoM1yG0HWGlQLswBGX3RZmHtg==

ignore-by-default@^1.0.1:
  version "1.0.1"
  resolved "https://registry.yarnpkg.com/ignore-by-default/-/ignore-by-default-1.0.1.tgz#48ca6d72f6c6a3af00a9ad4ae6876be3889e2b09"
  integrity sha512-Ius2VYcGNk7T90CppJqcIkS5ooHUZyIQK+ClZfMfMNFEF9VSE73Fq+906u/CWu92x4gzZMWOwfFYckPObzdEbA==

inherits@^2.0.3:
  version "2.0.4"
  resolved "https://registry.yarnpkg.com/inherits/-/inherits-2.0.4.tgz#0fa2c64f932917c3433a0ded55363aae37416b7c"
  integrity sha512-k/vGaX4/Yla3WzyMCvTQOXYeIHvqOKtnqBduzTHpzpQZzAskKMhZ2K+EnBiSM9zGSoIFeMpXKxa4dYeZIQqewQ==

is-binary-path@~2.1.0:
  version "2.1.0"
  resolved "https://registry.yarnpkg.com/is-binary-path/-/is-binary-path-2.1.0.tgz#ea1f7f3b80f064236e83470f86c09c254fb45b09"
  integrity sha512-ZMERYes6pDydyuGidse7OsHxtbI7WVeUEozgR/g7rd0xUimYNlvZRE/K2MgZTjWy725IfelLeVcEM97mmtRGXw==
  dependencies:
    binary-extensions "^2.0.0"

is-extglob@^2.1.1:
  version "2.1.1"
  resolved "https://registry.yarnpkg.com/is-extglob/-/is-extglob-2.1.1.tgz#a88c02535791f02ed37c76a1b9ea9773c833f8c2"
  integrity sha512-SbKbANkN603Vi4jEZv49LeVJMn4yGwsbzZworEoyEiutsN3nJYdbO36zfhGJ6QEDpOZIFkDtnq5JRxmvl3jsoQ==

is-glob@^4.0.1, is-glob@~4.0.1:
  version "4.0.3"
  resolved "https://registry.yarnpkg.com/is-glob/-/is-glob-4.0.3.tgz#64f61e42cbbb2eec2071a9dac0b28ba1e65d5084"
  integrity sha512-xelSayHH36ZgE7ZWhli7pW34hNbNl8Ojv5KVmkJD4hBdD3th8Tfk9vYasLM+mXWOZhFkgZfxhLSnrwRr4elSSg==
  dependencies:
    is-extglob "^2.1.1"

is-number@^7.0.0:
  version "7.0.0"
  resolved "https://registry.yarnpkg.com/is-number/-/is-number-7.0.0.tgz#7535345b896734d5f80c4d06c50955527a14f12b"
  integrity sha512-41Cifkg6e8TylSpdtTpeLVMqvSBEVzTttHvERD741+pnZ8ANv0004MRL43QKPDlK9cGvNp6NZWZUBlbGXYxxng==

joycon@^3.1.1:
  version "3.1.1"
  resolved "https://registry.yarnpkg.com/joycon/-/joycon-3.1.1.tgz#bce8596d6ae808f8b68168f5fc69280996894f03"
  integrity sha512-34wB/Y7MW7bzjKRjUKTa46I2Z7eV62Rkhva+KkopW7Qvv/OSWBqvkSY7vusOPrNuZcUG3tApvdVgNB8POj3SPw==

lru-cache@^11.2.2:
  version "11.2.6"
  resolved "https://registry.yarnpkg.com/lru-cache/-/lru-cache-11.2.6.tgz#356bf8a29e88a7a2945507b31f6429a65a192c58"
  integrity sha512-ESL2CrkS/2wTPfuend7Zhkzo2u0daGJ/A2VucJOgQ/C48S/zB8MMeMHSGKYpXhIjbPxfuezITkaBH1wqv00DDQ==

minimalistic-assert@^1.0.1:
  version "1.0.1"
  resolved "https://registry.yarnpkg.com/minimalistic-assert/-/minimalistic-assert-1.0.1.tgz#2e194de044626d4a10e7f7fbc00ce73e83e4d5c7"
  integrity sha512-UtJcAD4yEaGtjPezWuO9wC4nwUnVH/8/Im3yEHQP4b67cXlD/Qr9hdITCU1xDbSEXg2XKNaP8jsReV7vQd00/A==

minimatch@^10.2.1:
  version "10.2.4"
  resolved "https://registry.yarnpkg.com/minimatch/-/minimatch-10.2.4.tgz#465b3accbd0218b8281f5301e27cedc697f96fde"
  integrity sha512-oRjTw/97aTBN0RHbYCdtF1MQfvusSIBQM0IZEgzl6426+8jSC0nF1a/GmnVLpfB9yyr6g6FTqWqiZVbxrtaCIg==
  dependencies:
    brace-expansion "^5.0.2"

minimist@^1.2.6:
  version "1.2.8"
  resolved "https://registry.yarnpkg.com/minimist/-/minimist-1.2.8.tgz#c1a464e7693302e082a075cee0c057741ac4772c"
  integrity sha512-2yyAR8qBkN3YuheJanUpWC5U3bb5osDywNB8RzDVlDwDHbocAJveqqj1u8+SVD7jkWT4yvsHCpWqqWqAxb0zCA==

ms@^2.1.3:
  version "2.1.3"
  resolved "https://registry.yarnpkg.com/ms/-/ms-2.1.3.tgz#574c8138ce1d2b5861f0b44579dbadd60c6615b2"
  integrity sha512-6FlzubTLZG3J2a/NVCAleEhjzq5oxgHyaCU9yYXvcLsvoVaHJq/s5xXI6/XXP6tz7R9xAOtHnSO/tXtF3WRTlA==

nodemon@^3.1.11:
  version "3.1.14"
  resolved "https://registry.yarnpkg.com/nodemon/-/nodemon-3.1.14.tgz#8487ca379c515301d221ec007f27f24ecafa2b51"
  integrity sha512-jakjZi93UtB3jHMWsXL68FXSAosbLfY0In5gtKq3niLSkrWznrVBzXFNOEMJUfc9+Ke7SHWoAZsiMkNP3vq6Jw==
  dependencies:
    chokidar "^3.5.2"
    debug "^4"
    ignore-by-default "^1.0.1"
    minimatch "^10.2.1"
    pstree.remy "^1.1.8"
    semver "^7.5.3"
    simple-update-notifier "^2.0.0"
    supports-color "^5.5.0"
    touch "^3.1.0"
    undefsafe "^2.0.5"

normalize-path@^3.0.0, normalize-path@~3.0.0:
  version "3.0.0"
  resolved "https://registry.yarnpkg.com/normalize-path/-/normalize-path-3.0.0.tgz#0dcd69ff23a1c9b11fd0978316644a0388216a65"
  integrity sha512-6eZs5Ls3WtCisHWp9S2GUy8dqkpGi4BVSz3GaqiE6ezub0512ESztXUwUB6C6IKbQkY2Pnb/mD4WYojCRwcwLA==

on-exit-leak-free@^2.1.0:
  version "2.1.2"
  resolved "https://registry.yarnpkg.com/on-exit-leak-free/-/on-exit-leak-free-2.1.2.tgz#fed195c9ebddb7d9e4c3842f93f281ac8dadd3b8"
  integrity sha512-0eJJY6hXLGf1udHwfNftBqH+g73EU4B504nZeKpz1sYRKafAghwxEJunB2O7rDZkL4PGfsMVnTXZ2EjibbqcsA==

once@^1.3.1, once@^1.4.0:
  version "1.4.0"
  resolved "https://registry.yarnpkg.com/once/-/once-1.4.0.tgz#583b1aa775961d4b113ac17d9c50baef9dd76bd1"
  integrity sha512-lNaJgI+2Q5URQBkccEKHTQOPaXdUxnZZElQTZY0MFUAuaEqe1E+Nyvgdz/aIyNi6Z9MzO5dv1H8n58/GELp3+w==
  dependencies:
    wrappy "1"

oxlint@^1.2.0:
  version "1.51.0"
  resolved "https://registry.yarnpkg.com/oxlint/-/oxlint-1.51.0.tgz#5a0835e0e58ade5abffdbf87cee9c66f56a2fa49"
  integrity sha512-g6DNPaV9/WI9MoX2XllafxQuxwY1TV++j7hP8fTJByVBuCoVtm3dy9f/2vtH/HU40JztcgWF4G7ua+gkainklQ==
  optionalDependencies:
    "@oxlint/binding-android-arm-eabi" "1.51.0"
    "@oxlint/binding-android-arm64" "1.51.0"
    "@oxlint/binding-darwin-arm64" "1.51.0"
    "@oxlint/binding-darwin-x64" "1.51.0"
    "@oxlint/binding-freebsd-x64" "1.51.0"
    "@oxlint/binding-linux-arm-gnueabihf" "1.51.0"
    "@oxlint/binding-linux-arm-musleabihf" "1.51.0"
    "@oxlint/binding-linux-arm64-gnu" "1.51.0"
    "@oxlint/binding-linux-arm64-musl" "1.51.0"
    "@oxlint/binding-linux-ppc64-gnu" "1.51.0"
    "@oxlint/binding-linux-riscv64-gnu" "1.51.0"
    "@oxlint/binding-linux-riscv64-musl" "1.51.0"
    "@oxlint/binding-linux-s390x-gnu" "1.51.0"
    "@oxlint/binding-linux-x64-gnu" "1.51.0"
    "@oxlint/binding-linux-x64-musl" "1.51.0"
    "@oxlint/binding-openharmony-arm64" "1.51.0"
    "@oxlint/binding-win32-arm64-msvc" "1.51.0"
    "@oxlint/binding-win32-ia32-msvc" "1.51.0"
    "@oxlint/binding-win32-x64-msvc" "1.51.0"

picomatch@^2.0.4, picomatch@^2.2.1:
  version "2.3.1"
  resolved "https://registry.yarnpkg.com/picomatch/-/picomatch-2.3.1.tgz#3ba3833733646d9d3e4995946c1365a67fb07a42"
  integrity sha512-JU3teHTNjmE2VCGFzuY8EXzCDVwEqB2a8fsIvwaStHhAWJEeVd1o1QD80CU6+ZdEXXSLbSsuLwJjkCBWqRQUVA==

pino-abstract-transport@^3.0.0:
  version "3.0.0"
  resolved "https://registry.yarnpkg.com/pino-abstract-transport/-/pino-abstract-transport-3.0.0.tgz#b21e5f33a297e8c4c915c62b3ce5dd4a87a52c23"
  integrity sha512-wlfUczU+n7Hy/Ha5j9a/gZNy7We5+cXp8YL+X+PG8S0KXxw7n/JXA3c46Y0zQznIJ83URJiwy7Lh56WLokNuxg==
  dependencies:
    split2 "^4.0.0"

pino-pretty@^13.1.2:
  version "13.1.3"
  resolved "https://registry.yarnpkg.com/pino-pretty/-/pino-pretty-13.1.3.tgz#2274cccda925dd355c104079a5029f6598d0381b"
  integrity sha512-ttXRkkOz6WWC95KeY9+xxWL6AtImwbyMHrL1mSwqwW9u+vLp/WIElvHvCSDg0xO/Dzrggz1zv3rN5ovTRVowKg==
  dependencies:
    colorette "^2.0.7"
    dateformat "^4.6.3"
    fast-copy "^4.0.0"
    fast-safe-stringify "^2.1.1"
    help-me "^5.0.0"
    joycon "^3.1.1"
    minimist "^1.2.6"
    on-exit-leak-free "^2.1.0"
    pino-abstract-transport "^3.0.0"
    pump "^3.0.0"
    secure-json-parse "^4.0.0"
    sonic-boom "^4.0.1"
    strip-json-comments "^5.0.2"

pino-std-serializers@^7.0.0:
  version "7.1.0"
  resolved "https://registry.yarnpkg.com/pino-std-serializers/-/pino-std-serializers-7.1.0.tgz#a7b0cd65225f29e92540e7853bd73b07479893fc"
  integrity sha512-BndPH67/JxGExRgiX1dX0w1FvZck5Wa4aal9198SrRhZjH3GxKQUKIBnYJTdj2HDN3UQAS06HlfcSbQj2OHmaw==

pino@^10.1.0:
  version "10.3.1"
  resolved "https://registry.yarnpkg.com/pino/-/pino-10.3.1.tgz#6552c8f8d8481844c9e452e7bf0be90bff1939ce"
  integrity sha512-r34yH/GlQpKZbU1BvFFqOjhISRo1MNx1tWYsYvmj6KIRHSPMT2+yHOEb1SG6NMvRoHRF0a07kCOox/9yakl1vg==
  dependencies:
    "@pinojs/redact" "^0.4.0"
    atomic-sleep "^1.0.0"
    on-exit-leak-free "^2.1.0"
    pino-abstract-transport "^3.0.0"
    pino-std-serializers "^7.0.0"
    process-warning "^5.0.0"
    quick-format-unescaped "^4.0.3"
    real-require "^0.2.0"
    safe-stable-stringify "^2.3.1"
    sonic-boom "^4.0.1"
    thread-stream "^4.0.0"

process-warning@^5.0.0:
  version "5.0.0"
  resolved "https://registry.yarnpkg.com/process-warning/-/process-warning-5.0.0.tgz#566e0bf79d1dff30a72d8bbbe9e8ecefe8d378d7"
  integrity sha512-a39t9ApHNx2L4+HBnQKqxxHNs1r7KF+Intd8Q/g1bUh6q0WIp9voPXJ/x0j+ZL45KF1pJd9+q2jLIRMfvEshkA==

pstree.remy@^1.1.8:
  version "1.1.8"
  resolved "https://registry.yarnpkg.com/pstree.remy/-/pstree.remy-1.1.8.tgz#c242224f4a67c21f686839bbdb4ac282b8373d3a"
  integrity sha512-77DZwxQmxKnu3aR542U+X8FypNzbfJ+C5XQDk3uWjWxn6151aIMGthWYRXTqT1E5oJvg+ljaa2OJi+VfvCOQ8w==

pump@^3.0.0:
  version "3.0.3"
  resolved "https://registry.yarnpkg.com/pump/-/pump-3.0.3.tgz#151d979f1a29668dc0025ec589a455b53282268d"
  integrity sha512-todwxLMY7/heScKmntwQG8CXVkWUOdYxIvY2s0VWAAMh/nd8SoYiRaKjlr7+iCs984f2P8zvrfWcDDYVb73NfA==
  dependencies:
    end-of-stream "^1.1.0"
    once "^1.3.1"

quick-format-unescaped@^4.0.3:
  version "4.0.4"
  resolved "https://registry.yarnpkg.com/quick-format-unescaped/-/quick-format-unescaped-4.0.4.tgz#93ef6dd8d3453cbc7970dd614fad4c5954d6b5a7"
  integrity sha512-tYC1Q1hgyRuHgloV/YXs2w15unPVh8qfu/qCTfhTYamaw7fyhumKa2yGpdSo87vY32rIclj+4fWYQXUMs9EHvg==

readdirp@~3.6.0:
  version "3.6.0"
  resolved "https://registry.yarnpkg.com/readdirp/-/readdirp-3.6.0.tgz#74a370bd857116e245b29cc97340cd431a02a6c7"
  integrity sha512-hOS089on8RduqdbhvQ5Z37A0ESjsqz6qnRcffsMU3495FuTdqSm+7bhJ29JvIOsBDEEnan5DPu9t3To9VRlMzA==
  dependencies:
    picomatch "^2.2.1"

real-require@^0.2.0:
  version "0.2.0"
  resolved "https://registry.yarnpkg.com/real-require/-/real-require-0.2.0.tgz#209632dea1810be2ae063a6ac084fee7e33fba78"
  integrity sha512-57frrGM/OCTLqLOAh0mhVA9VBMHd+9U7Zb2THMGdBUoZVOtGbJzjxsYGDJ3A9AYYCP4hn6y1TVbaOfzWtm5GFg==

safe-stable-stringify@^2.3.1:
  version "2.5.0"
  resolved "https://registry.yarnpkg.com/safe-stable-stringify/-/safe-stable-stringify-2.5.0.tgz#4ca2f8e385f2831c432a719b108a3bf7af42a1dd"
  integrity sha512-b3rppTKm9T+PsVCBEOUR46GWI7fdOs00VKZ1+9c1EWDaDMvjQc6tUwuFyIprgGgTcWoVHSKrU8H31ZHA2e0RHA==

secure-json-parse@^4.0.0:
  version "4.1.0"
  resolved "https://registry.yarnpkg.com/secure-json-parse/-/secure-json-parse-4.1.0.tgz#4f1ab41c67a13497ea1b9131bb4183a22865477c"
  integrity sha512-l4KnYfEyqYJxDwlNVyRfO2E4NTHfMKAWdUuA8J0yve2Dz/E/PdBepY03RvyJpssIpRFwJoCD55wA+mEDs6ByWA==

semver@^7.5.3:
  version "7.7.4"
  resolved "https://registry.yarnpkg.com/semver/-/semver-7.7.4.tgz#28464e36060e991fa7a11d0279d2d3f3b57a7e8a"
  integrity sha512-vFKC2IEtQnVhpT78h1Yp8wzwrf8CM+MzKMHGJZfBtzhZNycRFnXsHk6E5TxIkkMsgNS7mdX3AGB7x2QM2di4lA==

simple-update-notifier@^2.0.0:
  version "2.0.0"
  resolved "https://registry.yarnpkg.com/simple-update-notifier/-/simple-update-notifier-2.0.0.tgz#d70b92bdab7d6d90dfd73931195a30b6e3d7cebb"
  integrity sha512-a2B9Y0KlNXl9u/vsW6sTIu9vGEpfKu2wRV6l1H3XEas/0gUIzGzBoP/IouTcUQbm9JWZLH3COxyn03TYlFax6w==
  dependencies:
    semver "^7.5.3"

sonic-boom@^4.0.1:
  version "4.2.1"
  resolved "https://registry.yarnpkg.com/sonic-boom/-/sonic-boom-4.2.1.tgz#28598250df4899c0ac572d7e2f0460690ba6a030"
  integrity sha512-w6AxtubXa2wTXAUsZMMWERrsIRAdrK0Sc+FUytWvYAhBJLyuI4llrMIC1DtlNSdI99EI86KZum2MMq3EAZlF9Q==
  dependencies:
    atomic-sleep "^1.0.0"

split2@^4.0.0:
  version "4.2.0"
  resolved "https://registry.yarnpkg.com/split2/-/split2-4.2.0.tgz#c9c5920904d148bab0b9f67145f245a86aadbfa4"
  integrity sha512-UcjcJOWknrNkF6PLX83qcHM6KHgVKNkV62Y8a5uYDVv9ydGQVwAHMKqHdJje1VTWpljG0WYpCDhrCdAOYH4TWg==

strip-json-comments@^5.0.2:
  version "5.0.3"
  resolved "https://registry.yarnpkg.com/strip-json-comments/-/strip-json-comments-5.0.3.tgz#b7304249dd402ee67fd518ada993ab3593458bcf"
  integrity sha512-1tB5mhVo7U+ETBKNf92xT4hrQa3pm0MZ0PQvuDnWgAAGHDsfp4lPSpiS6psrSiet87wyGPh9ft6wmhOMQ0hDiw==

supports-color@^5.5.0:
  version "5.5.0"
  resolved "https://registry.yarnpkg.com/supports-color/-/supports-color-5.5.0.tgz#e2e69a44ac8772f78a1ec0b35b689df6530efc8f"
  integrity sha512-QjVjwdXIt408MIiAqCX4oUKsgU2EqAGzs2Ppkm4aQYbjm+ZEWEcW4SfFNTr4uMNZma0ey4f5lgLrkB0aX0QMow==
  dependencies:
    has-flag "^3.0.0"

thread-stream@^4.0.0:
  version "4.0.0"
  resolved "https://registry.yarnpkg.com/thread-stream/-/thread-stream-4.0.0.tgz#732f007c24da7084f729d6e3a7e3f5934a7380b7"
  integrity sha512-4iMVL6HAINXWf1ZKZjIPcz5wYaOdPhtO8ATvZ+Xqp3BTdaqtAwQkNmKORqcIo5YkQqGXq5cwfswDwMqqQNrpJA==
  dependencies:
    real-require "^0.2.0"

to-regex-range@^5.0.1:
  version "5.0.1"
  resolved "https://registry.yarnpkg.com/to-regex-range/-/to-regex-range-5.0.1.tgz#1648c44aae7c8d988a326018ed72f5b4dd0392e4"
  integrity sha512-65P7iz6X5yEr1cwcgvQxbbIw7Uk3gOy5dIdtZ4rDveLqhrdJP+Li/Hx6tyK0NEb+2GCyneCMJiGqrADCSNk8sQ==
  dependencies:
    is-number "^7.0.0"

touch@^3.1.0:
  version "3.1.1"
  resolved "https://registry.yarnpkg.com/touch/-/touch-3.1.1.tgz#097a23d7b161476435e5c1344a95c0f75b4a5694"
  integrity sha512-r0eojU4bI8MnHr8c5bNo7lJDdI2qXlWWJk6a9EAFG7vbhTjElYhBVS3/miuE0uOuoLdb8Mc/rVfsmm6eo5o9GA==

undefsafe@^2.0.5:
  version "2.0.5"
  resolved "https://registry.yarnpkg.com/undefsafe/-/undefsafe-2.0.5.tgz#38733b9327bdcd226db889fb723a6efd162e6e2c"
  integrity sha512-WxONCrssBM8TSPRqN5EmsjVrsv4A8X12J4ArBiiayv3DyyG3ZlIg6yysuuSYdZsVz3TKcTg2fd//Ujd4CHV1iA==

wrappy@1:
  version "1.0.2"
  resolved "https://registry.yarnpkg.com/wrappy/-/wrappy-1.0.2.tgz#b5243d8f3ec1aa35f1364605bc0d1036e30ab69f"
  integrity sha512-l4Sp/DRseor9wL6EvV2+TuQn63dMkPjZ/sp9XkghTEbV9KlPS1xUsZ3u7/IQO4wxtcFB4bgpQPRcR3QCvezPcQ==
